
Microsoft Visual Studio Solution File, Format Version 12.00
Project("{FAE04EC0-301F-11D3-BF4B-00C04F79EFBC}") = "Exercise Programming Principles", "Exercise Programming Principles\Exercise Programming Principles.csproj", "{8C131243-C229-474B-9E29-4F261BDEB20D}"
EndProject
Global
	GlobalSection(SolutionConfigurationPlatforms) = preSolution
		Debug|Any CPU = Debug|Any CPU
		Release|Any CPU = Release|Any CPU
	EndGlobalSection
	GlobalSection(ProjectConfigurationPlatforms) = postSolution
		{8C131243-C229-474B-9E29-4F261BDEB20D}.Debug|Any CPU.ActiveCfg = Debug|Any CPU
		{8C131243-C229-474B-9E29-4F261BDEB20D}.Debug|Any CPU.Build.0 = Debug|Any CPU
		{8C131243-C229-474B-9E29-4F261BDEB20D}.Release|Any CPU.ActiveCfg = Release|Any CPU
		{8C131243-C229-474B-9E29-4F261BDEB20D}.Release|Any CPU.Build.0 = Release|Any CPU
	EndGlobalSection
EndGlobal
